
Microsoft Visual Studio Solution File, Format Version 12.00
# Visual Studio Version 17
VisualStudioVersion = 17.2.32516.85
MinimumVisualStudioVersion = 10.0.40219.1
Project("{FAE04EC0-301F-11D3-BF4B-00C04F79EFBC}") = "WebApp_UnderTheHood", "WebApp_UnderTheHood\WebApp_UnderTheHood.csproj", "{198EEC7F-86F6-4005-888C-55F69A770E8B}"
EndProject
Global
	GlobalSection(SolutionConfigurationPlatforms) = preSolution
		Debug|Any CPU = Debug|Any CPU
		Release|Any CPU = Release|Any CPU
	EndGlobalSection
	GlobalSection(ProjectConfigurationPlatforms) = postSolution
		{198EEC7F-86F6-4005-888C-55F69A770E8B}.Debug|Any CPU.ActiveCfg = Debug|Any CPU
		{198EEC7F-86F6-4005-888C-55F69A770E8B}.Debug|Any CPU.Build.0 = Debug|Any CPU
		{198EEC7F-86F6-4005-888C-55F69A770E8B}.Release|Any CPU.ActiveCfg = Release|Any CPU
		{198EEC7F-86F6-4005-888C-55F69A770E8B}.Release|Any CPU.Build.0 = Release|Any CPU
	EndGlobalSection
	GlobalSection(SolutionProperties) = preSolution
		HideSolutionNode = FALSE
	EndGlobalSection
	GlobalSection(ExtensibilityGlobals) = postSolution
		SolutionGuid = {0A3BACEB-09B2-4187-BC1C-5C8D4FB5E5BF}
	EndGlobalSection
EndGlobal
